
Microsoft Visual Studio Solution File, Format Version 12.00
# Visual Studio 2012
Project("{159641D6-6404-4A2A-AE62-294DE0FE8301}") = "HIMAutoMigrationPackage", "HIMAutoMigrationPackage\HIMAutoMigrationPackage.dtproj", "{4E51B818-261A-4B4A-BB88-9BBB59DDEF9D}"
EndProject
Global
	GlobalSection(SolutionConfigurationPlatforms) = preSolution
		Development|Default = Development|Default
	EndGlobalSection
	GlobalSection(ProjectConfigurationPlatforms) = postSolution
		{4E51B818-261A-4B4A-BB88-9BBB59DDEF9D}.Development|Default.ActiveCfg = Development
		{4E51B818-261A-4B4A-BB88-9BBB59DDEF9D}.Development|Default.Build.0 = Development
	EndGlobalSection
	GlobalSection(SolutionProperties) = preSolution
		HideSolutionNode = FALSE
	EndGlobalSection
EndGlobal
